
Microsoft Visual Studio Solution File, Format Version 12.00
# Visual Studio Version 17
VisualStudioVersion = 17.10.35013.160
MinimumVisualStudioVersion = 10.0.40219.1
Project("{FAE04EC0-301F-11D3-BF4B-00C04F79EFBC}") = "Ex04.Menus.Interfaces", "Ex04.Menus.Interfaces\Ex04.Menus.Interfaces.csproj", "{1A56E80D-62FF-44C7-AB72-E36F557AFD47}"
EndProject
Project("{FAE04EC0-301F-11D3-BF4B-00C04F79EFBC}") = "Ex04.Menus.Test", "Ex04.Menus.Test\Ex04.Menus.Test.csproj", "{332007D8-E460-4C87-9AE8-6E704F5D04E5}"
EndProject
Project("{FAE04EC0-301F-11D3-BF4B-00C04F79EFBC}") = "Ex04.Menus.Events", "Ex04.Menus.Events\Ex04.Menus.Events.csproj", "{1BB2D850-E898-4727-9653-308DB6B91591}"
EndProject
Global
	GlobalSection(SolutionConfigurationPlatforms) = preSolution
		Debug|Any CPU = Debug|Any CPU
		Release|Any CPU = Release|Any CPU
	EndGlobalSection
	GlobalSection(ProjectConfigurationPlatforms) = postSolution
		{1A56E80D-62FF-44C7-AB72-E36F557AFD47}.Debug|Any CPU.ActiveCfg = Debug|Any CPU
		{1A56E80D-62FF-44C7-AB72-E36F557AFD47}.Debug|Any CPU.Build.0 = Debug|Any CPU
		{1A56E80D-62FF-44C7-AB72-E36F557AFD47}.Release|Any CPU.ActiveCfg = Release|Any CPU
		{1A56E80D-62FF-44C7-AB72-E36F557AFD47}.Release|Any CPU.Build.0 = Release|Any CPU
		{332007D8-E460-4C87-9AE8-6E704F5D04E5}.Debug|Any CPU.ActiveCfg = Debug|Any CPU
		{332007D8-E460-4C87-9AE8-6E704F5D04E5}.Debug|Any CPU.Build.0 = Debug|Any CPU
		{332007D8-E460-4C87-9AE8-6E704F5D04E5}.Release|Any CPU.ActiveCfg = Release|Any CPU
		{332007D8-E460-4C87-9AE8-6E704F5D04E5}.Release|Any CPU.Build.0 = Release|Any CPU
		{1BB2D850-E898-4727-9653-308DB6B91591}.Debug|Any CPU.ActiveCfg = Debug|Any CPU
		{1BB2D850-E898-4727-9653-308DB6B91591}.Debug|Any CPU.Build.0 = Debug|Any CPU
		{1BB2D850-E898-4727-9653-308DB6B91591}.Release|Any CPU.ActiveCfg = Release|Any CPU
		{1BB2D850-E898-4727-9653-308DB6B91591}.Release|Any CPU.Build.0 = Release|Any CPU
	EndGlobalSection
	GlobalSection(SolutionProperties) = preSolution
		HideSolutionNode = FALSE
	EndGlobalSection
	GlobalSection(ExtensibilityGlobals) = postSolution
		SolutionGuid = {C379F127-5A37-4563-817F-DBE255A25E91}
	EndGlobalSection
EndGlobal
